// !$*UTF8*$!
{
	archiveVersion = 1;
	classes = {
	};
	objectVersion = 50;
	objects = {

/* Begin PBXBuildFile section */
		43BC019B26B9F1C700DF892E /* AppDelegate.swift in Sources */ = {isa = PBXBuildFile; fileRef = 43BC019A26B9F1C700DF892E /* AppDelegate.swift */; };
		43BC019D26B9F1C700DF892E /* SceneDelegate.swift in Sources */ = {isa = PBXBuildFile; fileRef = 43BC019C26B9F1C700DF892E /* SceneDelegate.swift */; };
		43BC019F26B9F1C700DF892E /* ViewController.swift in Sources */ = {isa = PBXBuildFile; fileRef = 43BC019E26B9F1C700DF892E /* ViewController.swift */; };
		43BC01A226B9F1C700DF892E /* Main.storyboard in Resources */ = {isa = PBXBuildFile; fileRef = 43BC01A026B9F1C700DF892E /* Main.storyboard */; };
		43BC01A426B9F1CA00DF892E /* Assets.xcassets in Resources */ = {isa = PBXBuildFile; fileRef = 43BC01A326B9F1CA00DF892E /* Assets.xcassets */; };
		43BC01A726B9F1CA00DF892E /* LaunchScreen.storyboard in Resources */ = {isa = PBXBuildFile; fileRef = 43BC01A526B9F1CA00DF892E /* LaunchScreen.storyboard */; };
		43BC01B526B9F46B00DF892E /* MyFrameworkTests.swift in Sources */ = {isa = PBXBuildFile; fileRef = 43BC01B426B9F46B00DF892E /* MyFrameworkTests.swift */; };
/* End PBXBuildFile section */

/* Begin PBXContainerItemProxy section */
		43BC01B726B9F46B00DF892E /* PBXContainerItemProxy */ = {
			isa = PBXContainerItemProxy;
			containerPortal = 43BC018F26B9F1C700DF892E /* Project object */;
			proxyType = 1;
			remoteGlobalIDString = 43BC019626B9F1C700DF892E;
			remoteInfo = MyFramework;
		};
/* End PBXContainerItemProxy section */

/* Begin PBXFileReference section */
		43BC019726B9F1C700DF892E /* MyFramework.app */ = {isa = PBXFileReference; explicitFileType = wrapper.application; includeInIndex = 0; path = MyFramework.app; sourceTree = BUILT_PRODUCTS_DIR; };
		43BC019A26B9F1C700DF892E /* AppDelegate.swift */ = {isa = PBXFileReference; lastKnownFileType = sourcecode.swift; path = AppDelegate.swift; sourceTree = "<group>"; };
		43BC019C26B9F1C700DF892E /* SceneDelegate.swift */ = {isa = PBXFileReference; lastKnownFileType = sourcecode.swift; path = SceneDelegate.swift; sourceTree = "<group>"; };
		43BC019E26B9F1C700DF892E /* ViewController.swift */ = {isa = PBXFileReference; lastKnownFileType = sourcecode.swift; path = ViewController.swift; sourceTree = "<group>"; };
		43BC01A126B9F1C700DF892E /* Base */ = {isa = PBXFileReference; lastKnownFileType = file.storyboard; name = Base; path = Base.lproj/Main.storyboard; sourceTree = "<group>"; };
		43BC01A326B9F1CA00DF892E /* Assets.xcassets */ = {isa = PBXFileReference; lastKnownFileType = folder.assetcatalog; path = Assets.xcassets; sourceTree = "<group>"; };
		43BC01A626B9F1CA00DF892E /* Base */ = {isa = PBXFileReference; lastKnownFileType = file.storyboard; name = Base; path = Base.lproj/LaunchScreen.storyboard; sourceTree = "<group>"; };
		43BC01A826B9F1CA00DF892E /* Info.plist */ = {isa = PBXFileReference; lastKnownFileType = text.plist.xml; path = Info.plist; sourceTree = "<group>"; };
		43BC01B226B9F46B00DF892E /* MyFrameworkTests.xctest */ = {isa = PBXFileReference; explicitFileType = wrapper.cfbundle; includeInIndex = 0; path = MyFrameworkTests.xctest; sourceTree = BUILT_PRODUCTS_DIR; };
		43BC01B426B9F46B00DF892E /* MyFrameworkTests.swift */ = {isa = PBXFileReference; lastKnownFileType = sourcecode.swift; path = MyFrameworkTests.swift; sourceTree = "<group>"; };
		43BC01B626B9F46B00DF892E /* Info.plist */ = {isa = PBXFileReference; lastKnownFileType = text.plist.xml; path = Info.plist; sourceTree = "<group>"; };
/* End PBXFileReference section */

/* Begin PBXFrameworksBuildPhase section */
		43BC019426B9F1C700DF892E /* Frameworks */ = {
			isa = PBXFrameworksBuildPhase;
			buildActionMask = 2147483647;
			files = (
			);
			runOnlyForDeploymentPostprocessing = 0;
		};
		43BC01AF26B9F46B00DF892E /* Frameworks */ = {
			isa = PBXFrameworksBuildPhase;
			buildActionMask = 2147483647;
			files = (
			);
			runOnlyForDeploymentPostprocessing = 0;
		};
/* End PBXFrameworksBuildPhase section */

/* Begin PBXGroup section */
		43BC018E26B9F1C700DF892E = {
			isa = PBXGroup;
			children = (
				43BC01BC26B9F49400DF892E /* SupportingFiles */,
				43BC019926B9F1C700DF892E /* MyFramework */,
				43BC01B326B9F46B00DF892E /* MyFrameworkTests */,
				43BC019826B9F1C700DF892E /* Products */,
			);
			sourceTree = "<group>";
		};
		43BC019826B9F1C700DF892E /* Products */ = {
			isa = PBXGroup;
			children = (
				43BC019726B9F1C700DF892E /* MyFramework.app */,
				43BC01B226B9F46B00DF892E /* MyFrameworkTests.xctest */,
			);
			name = Products;
			sourceTree = "<group>";
		};
		43BC019926B9F1C700DF892E /* MyFramework */ = {
			isa = PBXGroup;
			children = (
				43BC019A26B9F1C700DF892E /* AppDelegate.swift */,
				43BC019C26B9F1C700DF892E /* SceneDelegate.swift */,
				43BC019E26B9F1C700DF892E /* ViewController.swift */,
				43BC01A026B9F1C700DF892E /* Main.storyboard */,
				43BC01A326B9F1CA00DF892E /* Assets.xcassets */,
				43BC01A526B9F1CA00DF892E /* LaunchScreen.storyboard */,
				43BC01A826B9F1CA00DF892E /* Info.plist */,
			);
			path = MyFramework;
			sourceTree = "<group>";
		};
		43BC01B326B9F46B00DF892E /* MyFrameworkTests */ = {
			isa = PBXGroup;
			children = (
				43BC01B426B9F46B00DF892E /* MyFrameworkTests.swift */,
				43BC01B626B9F46B00DF892E /* Info.plist */,
			);
			path = MyFrameworkTests;
			sourceTree = "<group>";
		};
		43BC01BC26B9F49400DF892E /* SupportingFiles */ = {
			isa = PBXGroup;
			children = (
			);
			path = SupportingFiles;
			sourceTree = "<group>";
		};
/* End PBXGroup section */

/* Begin PBXNativeTarget section */
		43BC019626B9F1C700DF892E /* MyFramework */ = {
			isa = PBXNativeTarget;
			buildConfigurationList = 43BC01AB26B9F1CA00DF892E /* Build configuration list for PBXNativeTarget "MyFramework" */;
			buildPhases = (
				43BC019326B9F1C700DF892E /* Sources */,
				43BC019426B9F1C700DF892E /* Frameworks */,
				43BC019526B9F1C700DF892E /* Resources */,
			);
			buildRules = (
			);
			dependencies = (
			);
			name = MyFramework;
			productName = MyFramework;
			productReference = 43BC019726B9F1C700DF892E /* MyFramework.app */;
			productType = "com.apple.product-type.application";
		};
		43BC01B126B9F46B00DF892E /* MyFrameworkTests */ = {
			isa = PBXNativeTarget;
			buildConfigurationList = 43BC01B926B9F46B00DF892E /* Build configuration list for PBXNativeTarget "MyFrameworkTests" */;
			buildPhases = (
				43BC01AE26B9F46B00DF892E /* Sources */,
				43BC01AF26B9F46B00DF892E /* Frameworks */,
				43BC01B026B9F46B00DF892E /* Resources */,
			);
			buildRules = (
			);
			dependencies = (
				43BC01B826B9F46B00DF892E /* PBXTargetDependency */,
			);
			name = MyFrameworkTests;
			productName = MyFrameworkTests;
			productReference = 43BC01B226B9F46B00DF892E /* MyFrameworkTests.xctest */;
			productType = "com.apple.product-type.bundle.unit-test";
		};
/* End PBXNativeTarget section */

/* Begin PBXProject section */
		43BC018F26B9F1C700DF892E /* Project object */ = {
			isa = PBXProject;
			attributes = {
				LastSwiftUpdateCheck = 1250;
				LastUpgradeCheck = 1250;
				TargetAttributes = {
					43BC019626B9F1C700DF892E = {
						CreatedOnToolsVersion = 12.5.1;
					};
					43BC01B126B9F46B00DF892E = {
						CreatedOnToolsVersion = 12.5.1;
						TestTargetID = 43BC019626B9F1C700DF892E;
					};
				};
			};
			buildConfigurationList = 43BC019226B9F1C700DF892E /* Build configuration list for PBXProject "MyFramework" */;
			compatibilityVersion = "Xcode 9.3";
			developmentRegion = en;
			hasScannedForEncodings = 0;
			knownRegions = (
				en,
				Base,
			);
			mainGroup = 43BC018E26B9F1C700DF892E;
			productRefGroup = 43BC019826B9F1C700DF892E /* Products */;
			projectDirPath = "";
			projectRoot = "";
			targets = (
				43BC019626B9F1C700DF892E /* MyFramework */,
				43BC01B126B9F46B00DF892E /* MyFrameworkTests */,
			);
		};
/* End PBXProject section */

/* Begin PBXResourcesBuildPhase section */
		43BC019526B9F1C700DF892E /* Resources */ = {
			isa = PBXResourcesBuildPhase;
			buildActionMask = 2147483647;
			files = (
				43BC01A726B9F1CA00DF892E /* LaunchScreen.storyboard in Resources */,
				43BC01A426B9F1CA00DF892E /* Assets.xcassets in Resources */,
				43BC01A226B9F1C700DF892E /* Main.storyboard in Resources */,
			);
			runOnlyForDeploymentPostprocessing = 0;
		};
		43BC01B026B9F46B00DF892E /* Resources */ = {
			isa = PBXResourcesBuildPhase;
			buildActionMask = 2147483647;
			files = (
			);
			runOnlyForDeploymentPostprocessing = 0;
		};
/* End PBXResourcesBuildPhase section */

/* Begin PBXSourcesBuildPhase section */
		43BC019326B9F1C700DF892E /* Sources */ = {
			isa = PBXSourcesBuildPhase;
			buildActionMask = 2147483647;
			files = (
				43BC019F26B9F1C700DF892E /* ViewController.swift in Sources */,
				43BC019B26B9F1C700DF892E /* AppDelegate.swift in Sources */,
				43BC019D26B9F1C700DF892E /* SceneDelegate.swift in Sources */,
			);
			runOnlyForDeploymentPostprocessing = 0;
		};
		43BC01AE26B9F46B00DF892E /* Sources */ = {
			isa = PBXSourcesBuildPhase;
			buildActionMask = 2147483647;
			files = (
				43BC01B526B9F46B00DF892E /* MyFrameworkTests.swift in Sources */,
			);
			runOnlyForDeploymentPostprocessing = 0;
		};
/* End PBXSourcesBuildPhase section */

/* Begin PBXTargetDependency section */
		43BC01B826B9F46B00DF892E /* PBXTargetDependency */ = {
			isa = PBXTargetDependency;
			target = 43BC019626B9F1C700DF892E /* MyFramework */;
			targetProxy = 43BC01B726B9F46B00DF892E /* PBXContainerItemProxy */;
		};
/* End PBXTargetDependency section */

/* Begin PBXVariantGroup section */
		43BC01A026B9F1C700DF892E /* Main.storyboard */ = {
			isa = PBXVariantGroup;
			children = (
				43BC01A126B9F1C700DF892E /* Base */,
			);
			name = Main.storyboard;
			sourceTree = "<group>";
		};
		43BC01A526B9F1CA00DF892E /* LaunchScreen.storyboard */ = {
			isa = PBXVariantGroup;
			children = (
				43BC01A626B9F1CA00DF892E /* Base */,
			);
			name = LaunchScreen.storyboard;
			sourceTree = "<group>";
		};
/* End PBXVariantGroup section */

/* Begin XCBuildConfiguration section */
		43BC01A926B9F1CA00DF892E /* Debug */ = {
			isa = XCBuildConfiguration;
			buildSettings = {
				ALWAYS_SEARCH_USER_PATHS = NO;
				CLANG_ANALYZER_NONNULL = YES;
				CLANG_ANALYZER_NUMBER_OBJECT_CONVERSION = YES_AGGRESSIVE;
				CLANG_CXX_LANGUAGE_STANDARD = "gnu++14";
				CLANG_CXX_LIBRARY = "libc++";
				CLANG_ENABLE_MODULES = YES;
				CLANG_ENABLE_OBJC_ARC = YES;
				CLANG_ENABLE_OBJC_WEAK = YES;
				CLANG_WARN_BLOCK_CAPTURE_AUTORELEASING = YES;
				CLANG_WARN_BOOL_CONVERSION = YES;
				CLANG_WARN_COMMA = YES;
				CLANG_WARN_CONSTANT_CONVERSION = YES;
				CLANG_WARN_DEPRECATED_OBJC_IMPLEMENTATIONS = YES;
				CLANG_WARN_DIRECT_OBJC_ISA_USAGE = YES_ERROR;
				CLANG_WARN_DOCUMENTATION_COMMENTS = YES;
				CLANG_WARN_EMPTY_BODY = YES;
				CLANG_WARN_ENUM_CONVERSION = YES;
				CLANG_WARN_INFINITE_RECURSION = YES;
				CLANG_WARN_INT_CONVERSION = YES;
				CLANG_WARN_NON_LITERAL_NULL_CONVERSION = YES;
				CLANG_WARN_OBJC_IMPLICIT_RETAIN_SELF = YES;
				CLANG_WARN_OBJC_LITERAL_CONVERSION = YES;
				CLANG_WARN_OBJC_ROOT_CLASS = YES_ERROR;
				CLANG_WARN_QUOTED_INCLUDE_IN_FRAMEWORK_HEADER = YES;
				CLANG_WARN_RANGE_LOOP_ANALYSIS = YES;
				CLANG_WARN_STRICT_PROTOTYPES = YES;
				CLANG_WARN_SUSPICIOUS_MOVE = YES;
				CLANG_WARN_UNGUARDED_AVAILABILITY = YES_AGGRESSIVE;
				CLANG_WARN_UNREACHABLE_CODE = YES;
				CLANG_WARN__DUPLICATE_METHOD_MATCH = YES;
				COPY_PHASE_STRIP = NO;
				DEBUG_INFORMATION_FORMAT = dwarf;
				ENABLE_STRICT_OBJC_MSGSEND = YES;
				ENABLE_TESTABILITY = YES;
				GCC_C_LANGUAGE_STANDARD = gnu11;
				GCC_DYNAMIC_NO_PIC = NO;
				GCC_NO_COMMON_BLOCKS = YES;
				GCC_OPTIMIZATION_LEVEL = 0;
				GCC_PREPROCESSOR_DEFINITIONS = (
					"DEBUG=1",
					"$(inherited)",
				);
				GCC_WARN_64_TO_32_BIT_CONVERSION = YES;
				GCC_WARN_ABOUT_RETURN_TYPE = YES_ERROR;
				GCC_WARN_UNDECLARED_SELECTOR = YES;
				GCC_WARN_UNINITIALIZED_AUTOS = YES_AGGRESSIVE;
				GCC_WARN_UNUSED_FUNCTION = YES;
				GCC_WARN_UNUSED_VARIABLE = YES;
				IPHONEOS_DEPLOYMENT_TARGET = 14.5;
				MTL_ENABLE_DEBUG_INFO = INCLUDE_SOURCE;
				MTL_FAST_MATH = YES;
				ONLY_ACTIVE_ARCH = YES;
				SDKROOT = iphoneos;
				SWIFT_ACTIVE_COMPILATION_CONDITIONS = DEBUG;
				SWIFT_OPTIMIZATION_LEVEL = "-Onone";
			};
			name = Debug;
		};
		43BC01AA26B9F1CA00DF892E /* Release */ = {
			isa = XCBuildConfiguration;
			buildSettings = {
				ALWAYS_SEARCH_USER_PATHS = NO;
				CLANG_ANALYZER_NONNULL = YES;
				CLANG_ANALYZER_NUMBER_OBJECT_CONVERSION = YES_AGGRESSIVE;
				CLANG_CXX_LANGUAGE_STANDARD = "gnu++14";
				CLANG_CXX_LIBRARY = "libc++";
				CLANG_ENABLE_MODULES = YES;
				CLANG_ENABLE_OBJC_ARC = YES;
				CLANG_ENABLE_OBJC_WEAK = YES;
				CLANG_WARN_BLOCK_CAPTURE_AUTORELEASING = YES;
				CLANG_WARN_BOOL_CONVERSION = YES;
				CLANG_WARN_COMMA = YES;
				CLANG_WARN_CONSTANT_CONVERSION = YES;
				CLANG_WARN_DEPRECATED_OBJC_IMPLEMENTATIONS = YES;
				CLANG_WARN_DIRECT_OBJC_ISA_USAGE = YES_ERROR;
				CLANG_WARN_DOCUMENTATION_COMMENTS = YES;
				CLANG_WARN_EMPTY_BODY = YES;
				CLANG_WARN_ENUM_CONVERSION = YES;
				CLANG_WARN_INFINITE_RECURSION = YES;
				CLANG_WARN_INT_CONVERSION = YES;
				CLANG_WARN_NON_LITERAL_NULL_CONVERSION = YES;
				CLANG_WARN_OBJC_IMPLICIT_RETAIN_SELF = YES;
				CLANG_WARN_OBJC_LITERAL_CONVERSION = YES;
				CLANG_WARN_OBJC_ROOT_CLASS = YES_ERROR;
				CLANG_WARN_QUOTED_INCLUDE_IN_FRAMEWORK_HEADER = YES;
				CLANG_WARN_RANGE_LOOP_ANALYSIS = YES;
				CLANG_WARN_STRICT_PROTOTYPES = YES;
				CLANG_WARN_SUSPICIOUS_MOVE = YES;
				CLANG_WARN_UNGUARDED_AVAILABILITY = YES_AGGRESSIVE;
				CLANG_WARN_UNREACHABLE_CODE = YES;
				CLANG_WARN__DUPLICATE_METHOD_MATCH = YES;
				COPY_PHASE_STRIP = NO;
				DEBUG_INFORMATION_FORMAT = "dwarf-with-dsym";
				ENABLE_NS_ASSERTIONS = NO;
				ENABLE_STRICT_OBJC_MSGSEND = YES;
				GCC_C_LANGUAGE_STANDARD = gnu11;
				GCC_NO_COMMON_BLOCKS = YES;
				GCC_WARN_64_TO_32_BIT_CONVERSION = YES;
				GCC_WARN_ABOUT_RETURN_TYPE = YES_ERROR;
				GCC_WARN_UNDECLARED_SELECTOR = YES;
				GCC_WARN_UNINITIALIZED_AUTOS = YES_AGGRESSIVE;
				GCC_WARN_UNUSED_FUNCTION = YES;
				GCC_WARN_UNUSED_VARIABLE = YES;
				IPHONEOS_DEPLOYMENT_TARGET = 14.5;
				MTL_ENABLE_DEBUG_INFO = NO;
				MTL_FAST_MATH = YES;
				SDKROOT = iphoneos;
				SWIFT_COMPILATION_MODE = wholemodule;
				SWIFT_OPTIMIZATION_LEVEL = "-O";
				VALIDATE_PRODUCT = YES;
			};
			name = Release;
		};
		43BC01AC26B9F1CA00DF892E /* Debug */ = {
			isa = XCBuildConfiguration;
			buildSettings = {
				ASSETCATALOG_COMPILER_APPICON_NAME = AppIcon;
				ASSETCATALOG_COMPILER_GLOBAL_ACCENT_COLOR_NAME = AccentColor;
				CODE_SIGN_STYLE = Automatic;
				DEVELOPMENT_TEAM = YNHVVRN9N8;
				INFOPLIST_FILE = MyFramework/Info.plist;
				LD_RUNPATH_SEARCH_PATHS = (
					"$(inherited)",
					"@executable_path/Frameworks",
				);
				PRODUCT_BUNDLE_IDENTIFIER = com.ramazanovaraisat.MyFramework;
				PRODUCT_NAME = "$(TARGET_NAME)";
				SWIFT_VERSION = 5.0;
				TARGETED_DEVICE_FAMILY = "1,2";
			};
			name = Debug;
		};
		43BC01AD26B9F1CA00DF892E /* Release */ = {
			isa = XCBuildConfiguration;
			buildSettings = {
				ASSETCATALOG_COMPILER_APPICON_NAME = AppIcon;
				ASSETCATALOG_COMPILER_GLOBAL_ACCENT_COLOR_NAME = AccentColor;
				CODE_SIGN_STYLE = Automatic;
				DEVELOPMENT_TEAM = YNHVVRN9N8;
				INFOPLIST_FILE = MyFramework/Info.plist;
				LD_RUNPATH_SEARCH_PATHS = (
					"$(inherited)",
					"@executable_path/Frameworks",
				);
				PRODUCT_BUNDLE_IDENTIFIER = com.ramazanovaraisat.MyFramework;
				PRODUCT_NAME = "$(TARGET_NAME)";
				SWIFT_VERSION = 5.0;
				TARGETED_DEVICE_FAMILY = "1,2";
			};
			name = Release;
		};
		43BC01BA26B9F46B00DF892E /* Debug */ = {
			isa = XCBuildConfiguration;
			buildSettings = {
				BUNDLE_LOADER = "$(TEST_HOST)";
				CODE_SIGN_STYLE = Automatic;
				DEVELOPMENT_TEAM = YNHVVRN9N8;
				INFOPLIST_FILE = MyFrameworkTests/Info.plist;
				LD_RUNPATH_SEARCH_PATHS = (
					"$(inherited)",
					"@executable_path/Frameworks",
					"@loader_path/Frameworks",
				);
				PRODUCT_BUNDLE_IDENTIFIER = com.ramazanovaraisat.MyFrameworkTests;
				PRODUCT_NAME = "$(TARGET_NAME)";
				SWIFT_VERSION = 5.0;
				TARGETED_DEVICE_FAMILY = "1,2";
				TEST_HOST = "$(BUILT_PRODUCTS_DIR)/MyFramework.app/MyFramework";
			};
			name = Debug;
		};
		43BC01BB26B9F46B00DF892E /* Release */ = {
			isa = XCBuildConfiguration;
			buildSettings = {
				BUNDLE_LOADER = "$(TEST_HOST)";
				CODE_SIGN_STYLE = Automatic;
				DEVELOPMENT_TEAM = YNHVVRN9N8;
				INFOPLIST_FILE = MyFrameworkTests/Info.plist;
				LD_RUNPATH_SEARCH_PATHS = (
					"$(inherited)",
					"@executable_path/Frameworks",
					"@loader_path/Frameworks",
				);
				PRODUCT_BUNDLE_IDENTIFIER = com.ramazanovaraisat.MyFrameworkTests;
				PRODUCT_NAME = "$(TARGET_NAME)";
				SWIFT_VERSION = 5.0;
				TARGETED_DEVICE_FAMILY = "1,2";
				TEST_HOST = "$(BUILT_PRODUCTS_DIR)/MyFramework.app/MyFramework";
			};
			name = Release;
		};
/* End XCBuildConfiguration section */

/* Begin XCConfigurationList section */
		43BC019226B9F1C700DF892E /* Build configuration list for PBXProject "MyFramework" */ = {
			isa = XCConfigurationList;
			buildConfigurations = (
				43BC01A926B9F1CA00DF892E /* Debug */,
				43BC01AA26B9F1CA00DF892E /* Release */,
			);
			defaultConfigurationIsVisible = 0;
			defaultConfigurationName = Release;
		};
		43BC01AB26B9F1CA00DF892E /* Build configuration list for PBXNativeTarget "MyFramework" */ = {
			isa = XCConfigurationList;
			buildConfigurations = (
				43BC01AC26B9F1CA00DF892E /* Debug */,
				43BC01AD26B9F1CA00DF892E /* Release */,
			);
			defaultConfigurationIsVisible = 0;
			defaultConfigurationName = Release;
		};
		43BC01B926B9F46B00DF892E /* Build configuration list for PBXNativeTarget "MyFrameworkTests" */ = {
			isa = XCConfigurationList;
			buildConfigurations = (
				43BC01BA26B9F46B00DF892E /* Debug */,
				43BC01BB26B9F46B00DF892E /* Release */,
			);
			defaultConfigurationIsVisible = 0;
			defaultConfigurationName = Release;
		};
/* End XCConfigurationList section */
	};
	rootObject = 43BC018F26B9F1C700DF892E /* Project object */;
}
