// !$*UTF8*$!
{
	archiveVersion = 1;
	classes = {
	};
	objectVersion = 50;
	objects = {

/* Begin PBXBuildFile section */
		436EECF0269F081C00C4EA2F /* AppDelegate.swift in Sources */ = {isa = PBXBuildFile; fileRef = 436EECEF269F081C00C4EA2F /* AppDelegate.swift */; };
		436EECF2269F081C00C4EA2F /* SceneDelegate.swift in Sources */ = {isa = PBXBuildFile; fileRef = 436EECF1269F081C00C4EA2F /* SceneDelegate.swift */; };
		436EECF4269F081C00C4EA2F /* ViewController.swift in Sources */ = {isa = PBXBuildFile; fileRef = 436EECF3269F081C00C4EA2F /* ViewController.swift */; };
		436EECF7269F081C00C4EA2F /* Main.storyboard in Resources */ = {isa = PBXBuildFile; fileRef = 436EECF5269F081C00C4EA2F /* Main.storyboard */; };
		436EECF9269F081F00C4EA2F /* Assets.xcassets in Resources */ = {isa = PBXBuildFile; fileRef = 436EECF8269F081F00C4EA2F /* Assets.xcassets */; };
		436EECFC269F081F00C4EA2F /* LaunchScreen.storyboard in Resources */ = {isa = PBXBuildFile; fileRef = 436EECFA269F081F00C4EA2F /* LaunchScreen.storyboard */; };
		436EED04269F0AEE00C4EA2F /* Exercise.swift in Sources */ = {isa = PBXBuildFile; fileRef = 436EED03269F0AEE00C4EA2F /* Exercise.swift */; };
		436EED06269F0B6B00C4EA2F /* Jumping.swift in Sources */ = {isa = PBXBuildFile; fileRef = 436EED05269F0B6B00C4EA2F /* Jumping.swift */; };
		436EED08269F0D0000C4EA2F /* Squats.swift in Sources */ = {isa = PBXBuildFile; fileRef = 436EED07269F0D0000C4EA2F /* Squats.swift */; };
		436EED0B269F0E1F00C4EA2F /* FactoryExercise.swift in Sources */ = {isa = PBXBuildFile; fileRef = 436EED0A269F0E1F00C4EA2F /* FactoryExercise.swift */; };
/* End PBXBuildFile section */

/* Begin PBXFileReference section */
		436EECEC269F081C00C4EA2F /* FactoryMethod.app */ = {isa = PBXFileReference; explicitFileType = wrapper.application; includeInIndex = 0; path = FactoryMethod.app; sourceTree = BUILT_PRODUCTS_DIR; };
		436EECEF269F081C00C4EA2F /* AppDelegate.swift */ = {isa = PBXFileReference; lastKnownFileType = sourcecode.swift; path = AppDelegate.swift; sourceTree = "<group>"; };
		436EECF1269F081C00C4EA2F /* SceneDelegate.swift */ = {isa = PBXFileReference; lastKnownFileType = sourcecode.swift; path = SceneDelegate.swift; sourceTree = "<group>"; };
		436EECF3269F081C00C4EA2F /* ViewController.swift */ = {isa = PBXFileReference; lastKnownFileType = sourcecode.swift; path = ViewController.swift; sourceTree = "<group>"; };
		436EECF6269F081C00C4EA2F /* Base */ = {isa = PBXFileReference; lastKnownFileType = file.storyboard; name = Base; path = Base.lproj/Main.storyboard; sourceTree = "<group>"; };
		436EECF8269F081F00C4EA2F /* Assets.xcassets */ = {isa = PBXFileReference; lastKnownFileType = folder.assetcatalog; path = Assets.xcassets; sourceTree = "<group>"; };
		436EECFB269F081F00C4EA2F /* Base */ = {isa = PBXFileReference; lastKnownFileType = file.storyboard; name = Base; path = Base.lproj/LaunchScreen.storyboard; sourceTree = "<group>"; };
		436EECFD269F081F00C4EA2F /* Info.plist */ = {isa = PBXFileReference; lastKnownFileType = text.plist.xml; path = Info.plist; sourceTree = "<group>"; };
		436EED03269F0AEE00C4EA2F /* Exercise.swift */ = {isa = PBXFileReference; lastKnownFileType = sourcecode.swift; path = Exercise.swift; sourceTree = "<group>"; };
		436EED05269F0B6B00C4EA2F /* Jumping.swift */ = {isa = PBXFileReference; lastKnownFileType = sourcecode.swift; path = Jumping.swift; sourceTree = "<group>"; };
		436EED07269F0D0000C4EA2F /* Squats.swift */ = {isa = PBXFileReference; lastKnownFileType = sourcecode.swift; path = Squats.swift; sourceTree = "<group>"; };
		436EED0A269F0E1F00C4EA2F /* FactoryExercise.swift */ = {isa = PBXFileReference; lastKnownFileType = sourcecode.swift; path = FactoryExercise.swift; sourceTree = "<group>"; };
/* End PBXFileReference section */

/* Begin PBXFrameworksBuildPhase section */
		436EECE9269F081C00C4EA2F /* Frameworks */ = {
			isa = PBXFrameworksBuildPhase;
			buildActionMask = 2147483647;
			files = (
			);
			runOnlyForDeploymentPostprocessing = 0;
		};
/* End PBXFrameworksBuildPhase section */

/* Begin PBXGroup section */
		436EECE3269F081C00C4EA2F = {
			isa = PBXGroup;
			children = (
				436EECEE269F081C00C4EA2F /* FactoryMethod */,
				436EECED269F081C00C4EA2F /* Products */,
			);
			sourceTree = "<group>";
		};
		436EECED269F081C00C4EA2F /* Products */ = {
			isa = PBXGroup;
			children = (
				436EECEC269F081C00C4EA2F /* FactoryMethod.app */,
			);
			name = Products;
			sourceTree = "<group>";
		};
		436EECEE269F081C00C4EA2F /* FactoryMethod */ = {
			isa = PBXGroup;
			children = (
				436EECEF269F081C00C4EA2F /* AppDelegate.swift */,
				436EED0C269F100C00C4EA2F /* Factory */,
				436EED09269F0DC300C4EA2F /* Exercise */,
				436EECF1269F081C00C4EA2F /* SceneDelegate.swift */,
				436EECF3269F081C00C4EA2F /* ViewController.swift */,
				436EECF5269F081C00C4EA2F /* Main.storyboard */,
				436EECF8269F081F00C4EA2F /* Assets.xcassets */,
				436EECFA269F081F00C4EA2F /* LaunchScreen.storyboard */,
				436EECFD269F081F00C4EA2F /* Info.plist */,
			);
			path = FactoryMethod;
			sourceTree = "<group>";
		};
		436EED09269F0DC300C4EA2F /* Exercise */ = {
			isa = PBXGroup;
			children = (
				436EED07269F0D0000C4EA2F /* Squats.swift */,
				436EED05269F0B6B00C4EA2F /* Jumping.swift */,
				436EED03269F0AEE00C4EA2F /* Exercise.swift */,
			);
			path = Exercise;
			sourceTree = "<group>";
		};
		436EED0C269F100C00C4EA2F /* Factory */ = {
			isa = PBXGroup;
			children = (
				436EED0A269F0E1F00C4EA2F /* FactoryExercise.swift */,
			);
			path = Factory;
			sourceTree = "<group>";
		};
/* End PBXGroup section */

/* Begin PBXNativeTarget section */
		436EECEB269F081C00C4EA2F /* FactoryMethod */ = {
			isa = PBXNativeTarget;
			buildConfigurationList = 436EED00269F081F00C4EA2F /* Build configuration list for PBXNativeTarget "FactoryMethod" */;
			buildPhases = (
				436EECE8269F081C00C4EA2F /* Sources */,
				436EECE9269F081C00C4EA2F /* Frameworks */,
				436EECEA269F081C00C4EA2F /* Resources */,
			);
			buildRules = (
			);
			dependencies = (
			);
			name = FactoryMethod;
			productName = FactoryMethod;
			productReference = 436EECEC269F081C00C4EA2F /* FactoryMethod.app */;
			productType = "com.apple.product-type.application";
		};
/* End PBXNativeTarget section */

/* Begin PBXProject section */
		436EECE4269F081C00C4EA2F /* Project object */ = {
			isa = PBXProject;
			attributes = {
				LastSwiftUpdateCheck = 1250;
				LastUpgradeCheck = 1250;
				TargetAttributes = {
					436EECEB269F081C00C4EA2F = {
						CreatedOnToolsVersion = 12.5.1;
					};
				};
			};
			buildConfigurationList = 436EECE7269F081C00C4EA2F /* Build configuration list for PBXProject "FactoryMethod" */;
			compatibilityVersion = "Xcode 9.3";
			developmentRegion = en;
			hasScannedForEncodings = 0;
			knownRegions = (
				en,
				Base,
			);
			mainGroup = 436EECE3269F081C00C4EA2F;
			productRefGroup = 436EECED269F081C00C4EA2F /* Products */;
			projectDirPath = "";
			projectRoot = "";
			targets = (
				436EECEB269F081C00C4EA2F /* FactoryMethod */,
			);
		};
/* End PBXProject section */

/* Begin PBXResourcesBuildPhase section */
		436EECEA269F081C00C4EA2F /* Resources */ = {
			isa = PBXResourcesBuildPhase;
			buildActionMask = 2147483647;
			files = (
				436EECFC269F081F00C4EA2F /* LaunchScreen.storyboard in Resources */,
				436EECF9269F081F00C4EA2F /* Assets.xcassets in Resources */,
				436EECF7269F081C00C4EA2F /* Main.storyboard in Resources */,
			);
			runOnlyForDeploymentPostprocessing = 0;
		};
/* End PBXResourcesBuildPhase section */

/* Begin PBXSourcesBuildPhase section */
		436EECE8269F081C00C4EA2F /* Sources */ = {
			isa = PBXSourcesBuildPhase;
			buildActionMask = 2147483647;
			files = (
				436EECF4269F081C00C4EA2F /* ViewController.swift in Sources */,
				436EED04269F0AEE00C4EA2F /* Exercise.swift in Sources */,
				436EED08269F0D0000C4EA2F /* Squats.swift in Sources */,
				436EECF0269F081C00C4EA2F /* AppDelegate.swift in Sources */,
				436EED06269F0B6B00C4EA2F /* Jumping.swift in Sources */,
				436EECF2269F081C00C4EA2F /* SceneDelegate.swift in Sources */,
				436EED0B269F0E1F00C4EA2F /* FactoryExercise.swift in Sources */,
			);
			runOnlyForDeploymentPostprocessing = 0;
		};
/* End PBXSourcesBuildPhase section */

/* Begin PBXVariantGroup section */
		436EECF5269F081C00C4EA2F /* Main.storyboard */ = {
			isa = PBXVariantGroup;
			children = (
				436EECF6269F081C00C4EA2F /* Base */,
			);
			name = Main.storyboard;
			sourceTree = "<group>";
		};
		436EECFA269F081F00C4EA2F /* LaunchScreen.storyboard */ = {
			isa = PBXVariantGroup;
			children = (
				436EECFB269F081F00C4EA2F /* Base */,
			);
			name = LaunchScreen.storyboard;
			sourceTree = "<group>";
		};
/* End PBXVariantGroup section */

/* Begin XCBuildConfiguration section */
		436EECFE269F081F00C4EA2F /* Debug */ = {
			isa = XCBuildConfiguration;
			buildSettings = {
				ALWAYS_SEARCH_USER_PATHS = NO;
				CLANG_ANALYZER_NONNULL = YES;
				CLANG_ANALYZER_NUMBER_OBJECT_CONVERSION = YES_AGGRESSIVE;
				CLANG_CXX_LANGUAGE_STANDARD = "gnu++14";
				CLANG_CXX_LIBRARY = "libc++";
				CLANG_ENABLE_MODULES = YES;
				CLANG_ENABLE_OBJC_ARC = YES;
				CLANG_ENABLE_OBJC_WEAK = YES;
				CLANG_WARN_BLOCK_CAPTURE_AUTORELEASING = YES;
				CLANG_WARN_BOOL_CONVERSION = YES;
				CLANG_WARN_COMMA = YES;
				CLANG_WARN_CONSTANT_CONVERSION = YES;
				CLANG_WARN_DEPRECATED_OBJC_IMPLEMENTATIONS = YES;
				CLANG_WARN_DIRECT_OBJC_ISA_USAGE = YES_ERROR;
				CLANG_WARN_DOCUMENTATION_COMMENTS = YES;
				CLANG_WARN_EMPTY_BODY = YES;
				CLANG_WARN_ENUM_CONVERSION = YES;
				CLANG_WARN_INFINITE_RECURSION = YES;
				CLANG_WARN_INT_CONVERSION = YES;
				CLANG_WARN_NON_LITERAL_NULL_CONVERSION = YES;
				CLANG_WARN_OBJC_IMPLICIT_RETAIN_SELF = YES;
				CLANG_WARN_OBJC_LITERAL_CONVERSION = YES;
				CLANG_WARN_OBJC_ROOT_CLASS = YES_ERROR;
				CLANG_WARN_QUOTED_INCLUDE_IN_FRAMEWORK_HEADER = YES;
				CLANG_WARN_RANGE_LOOP_ANALYSIS = YES;
				CLANG_WARN_STRICT_PROTOTYPES = YES;
				CLANG_WARN_SUSPICIOUS_MOVE = YES;
				CLANG_WARN_UNGUARDED_AVAILABILITY = YES_AGGRESSIVE;
				CLANG_WARN_UNREACHABLE_CODE = YES;
				CLANG_WARN__DUPLICATE_METHOD_MATCH = YES;
				COPY_PHASE_STRIP = NO;
				DEBUG_INFORMATION_FORMAT = dwarf;
				ENABLE_STRICT_OBJC_MSGSEND = YES;
				ENABLE_TESTABILITY = YES;
				GCC_C_LANGUAGE_STANDARD = gnu11;
				GCC_DYNAMIC_NO_PIC = NO;
				GCC_NO_COMMON_BLOCKS = YES;
				GCC_OPTIMIZATION_LEVEL = 0;
				GCC_PREPROCESSOR_DEFINITIONS = (
					"DEBUG=1",
					"$(inherited)",
				);
				GCC_WARN_64_TO_32_BIT_CONVERSION = YES;
				GCC_WARN_ABOUT_RETURN_TYPE = YES_ERROR;
				GCC_WARN_UNDECLARED_SELECTOR = YES;
				GCC_WARN_UNINITIALIZED_AUTOS = YES_AGGRESSIVE;
				GCC_WARN_UNUSED_FUNCTION = YES;
				GCC_WARN_UNUSED_VARIABLE = YES;
				IPHONEOS_DEPLOYMENT_TARGET = 14.5;
				MTL_ENABLE_DEBUG_INFO = INCLUDE_SOURCE;
				MTL_FAST_MATH = YES;
				ONLY_ACTIVE_ARCH = YES;
				SDKROOT = iphoneos;
				SWIFT_ACTIVE_COMPILATION_CONDITIONS = DEBUG;
				SWIFT_OPTIMIZATION_LEVEL = "-Onone";
			};
			name = Debug;
		};
		436EECFF269F081F00C4EA2F /* Release */ = {
			isa = XCBuildConfiguration;
			buildSettings = {
				ALWAYS_SEARCH_USER_PATHS = NO;
				CLANG_ANALYZER_NONNULL = YES;
				CLANG_ANALYZER_NUMBER_OBJECT_CONVERSION = YES_AGGRESSIVE;
				CLANG_CXX_LANGUAGE_STANDARD = "gnu++14";
				CLANG_CXX_LIBRARY = "libc++";
				CLANG_ENABLE_MODULES = YES;
				CLANG_ENABLE_OBJC_ARC = YES;
				CLANG_ENABLE_OBJC_WEAK = YES;
				CLANG_WARN_BLOCK_CAPTURE_AUTORELEASING = YES;
				CLANG_WARN_BOOL_CONVERSION = YES;
				CLANG_WARN_COMMA = YES;
				CLANG_WARN_CONSTANT_CONVERSION = YES;
				CLANG_WARN_DEPRECATED_OBJC_IMPLEMENTATIONS = YES;
				CLANG_WARN_DIRECT_OBJC_ISA_USAGE = YES_ERROR;
				CLANG_WARN_DOCUMENTATION_COMMENTS = YES;
				CLANG_WARN_EMPTY_BODY = YES;
				CLANG_WARN_ENUM_CONVERSION = YES;
				CLANG_WARN_INFINITE_RECURSION = YES;
				CLANG_WARN_INT_CONVERSION = YES;
				CLANG_WARN_NON_LITERAL_NULL_CONVERSION = YES;
				CLANG_WARN_OBJC_IMPLICIT_RETAIN_SELF = YES;
				CLANG_WARN_OBJC_LITERAL_CONVERSION = YES;
				CLANG_WARN_OBJC_ROOT_CLASS = YES_ERROR;
				CLANG_WARN_QUOTED_INCLUDE_IN_FRAMEWORK_HEADER = YES;
				CLANG_WARN_RANGE_LOOP_ANALYSIS = YES;
				CLANG_WARN_STRICT_PROTOTYPES = YES;
				CLANG_WARN_SUSPICIOUS_MOVE = YES;
				CLANG_WARN_UNGUARDED_AVAILABILITY = YES_AGGRESSIVE;
				CLANG_WARN_UNREACHABLE_CODE = YES;
				CLANG_WARN__DUPLICATE_METHOD_MATCH = YES;
				COPY_PHASE_STRIP = NO;
				DEBUG_INFORMATION_FORMAT = "dwarf-with-dsym";
				ENABLE_NS_ASSERTIONS = NO;
				ENABLE_STRICT_OBJC_MSGSEND = YES;
				GCC_C_LANGUAGE_STANDARD = gnu11;
				GCC_NO_COMMON_BLOCKS = YES;
				GCC_WARN_64_TO_32_BIT_CONVERSION = YES;
				GCC_WARN_ABOUT_RETURN_TYPE = YES_ERROR;
				GCC_WARN_UNDECLARED_SELECTOR = YES;
				GCC_WARN_UNINITIALIZED_AUTOS = YES_AGGRESSIVE;
				GCC_WARN_UNUSED_FUNCTION = YES;
				GCC_WARN_UNUSED_VARIABLE = YES;
				IPHONEOS_DEPLOYMENT_TARGET = 14.5;
				MTL_ENABLE_DEBUG_INFO = NO;
				MTL_FAST_MATH = YES;
				SDKROOT = iphoneos;
				SWIFT_COMPILATION_MODE = wholemodule;
				SWIFT_OPTIMIZATION_LEVEL = "-O";
				VALIDATE_PRODUCT = YES;
			};
			name = Release;
		};
		436EED01269F081F00C4EA2F /* Debug */ = {
			isa = XCBuildConfiguration;
			buildSettings = {
				ASSETCATALOG_COMPILER_APPICON_NAME = AppIcon;
				ASSETCATALOG_COMPILER_GLOBAL_ACCENT_COLOR_NAME = AccentColor;
				CODE_SIGN_STYLE = Automatic;
				DEVELOPMENT_TEAM = YNHVVRN9N8;
				INFOPLIST_FILE = FactoryMethod/Info.plist;
				LD_RUNPATH_SEARCH_PATHS = (
					"$(inherited)",
					"@executable_path/Frameworks",
				);
				PRODUCT_BUNDLE_IDENTIFIER = com.ramazanovaraisat.FactoryMethod;
				PRODUCT_NAME = "$(TARGET_NAME)";
				SWIFT_VERSION = 5.0;
				TARGETED_DEVICE_FAMILY = "1,2";
			};
			name = Debug;
		};
		436EED02269F081F00C4EA2F /* Release */ = {
			isa = XCBuildConfiguration;
			buildSettings = {
				ASSETCATALOG_COMPILER_APPICON_NAME = AppIcon;
				ASSETCATALOG_COMPILER_GLOBAL_ACCENT_COLOR_NAME = AccentColor;
				CODE_SIGN_STYLE = Automatic;
				DEVELOPMENT_TEAM = YNHVVRN9N8;
				INFOPLIST_FILE = FactoryMethod/Info.plist;
				LD_RUNPATH_SEARCH_PATHS = (
					"$(inherited)",
					"@executable_path/Frameworks",
				);
				PRODUCT_BUNDLE_IDENTIFIER = com.ramazanovaraisat.FactoryMethod;
				PRODUCT_NAME = "$(TARGET_NAME)";
				SWIFT_VERSION = 5.0;
				TARGETED_DEVICE_FAMILY = "1,2";
			};
			name = Release;
		};
/* End XCBuildConfiguration section */

/* Begin XCConfigurationList section */
		436EECE7269F081C00C4EA2F /* Build configuration list for PBXProject "FactoryMethod" */ = {
			isa = XCConfigurationList;
			buildConfigurations = (
				436EECFE269F081F00C4EA2F /* Debug */,
				436EECFF269F081F00C4EA2F /* Release */,
			);
			defaultConfigurationIsVisible = 0;
			defaultConfigurationName = Release;
		};
		436EED00269F081F00C4EA2F /* Build configuration list for PBXNativeTarget "FactoryMethod" */ = {
			isa = XCConfigurationList;
			buildConfigurations = (
				436EED01269F081F00C4EA2F /* Debug */,
				436EED02269F081F00C4EA2F /* Release */,
			);
			defaultConfigurationIsVisible = 0;
			defaultConfigurationName = Release;
		};
/* End XCConfigurationList section */
	};
	rootObject = 436EECE4269F081C00C4EA2F /* Project object */;
}
